
Microsoft Visual Studio Solution File, Format Version 12.00
# Visual Studio 2015
Project("{FAE04EC0-301F-11D3-BF4B-00C04F79EFBC}") = "Studio_Project_04", "Studio_Project_04.csproj", "{B6424CEB-9527-7F16-3EA5-20C2F3C7F405}"
EndProject
Project("{FAE04EC0-301F-11D3-BF4B-00C04F79EFBC}") = "Studio_Project_04.Editor", "Studio_Project_04.Editor.csproj", "{1F407471-6DC9-F406-E424-78E002B288D7}"
EndProject
Global
	GlobalSection(SolutionConfigurationPlatforms) = preSolution
		Debug|Any CPU = Debug|Any CPU
		Release|Any CPU = Release|Any CPU
	EndGlobalSection
	GlobalSection(ProjectConfigurationPlatforms) = postSolution
		{B6424CEB-9527-7F16-3EA5-20C2F3C7F405}.Debug|Any CPU.ActiveCfg = Debug|Any CPU
		{B6424CEB-9527-7F16-3EA5-20C2F3C7F405}.Debug|Any CPU.Build.0 = Debug|Any CPU
		{B6424CEB-9527-7F16-3EA5-20C2F3C7F405}.Release|Any CPU.ActiveCfg = Release|Any CPU
		{B6424CEB-9527-7F16-3EA5-20C2F3C7F405}.Release|Any CPU.Build.0 = Release|Any CPU
		{1F407471-6DC9-F406-E424-78E002B288D7}.Debug|Any CPU.ActiveCfg = Debug|Any CPU
		{1F407471-6DC9-F406-E424-78E002B288D7}.Debug|Any CPU.Build.0 = Debug|Any CPU
		{1F407471-6DC9-F406-E424-78E002B288D7}.Release|Any CPU.ActiveCfg = Release|Any CPU
		{1F407471-6DC9-F406-E424-78E002B288D7}.Release|Any CPU.Build.0 = Release|Any CPU
	EndGlobalSection
	GlobalSection(SolutionProperties) = preSolution
		HideSolutionNode = FALSE
	EndGlobalSection
EndGlobal
